// !$*UTF8*$!
{
	archiveVersion = 1;
	classes = {
	};
	objectVersion = 46;
	objects = {

/* Begin PBXBuildFile section */
		8F7035CD1EAA2DD900B74296 /* main.swift in Sources */ = {isa = PBXBuildFile; fileRef = 8F7035CC1EAA2DD900B74296 /* main.swift */; };
		8FCAEC081EB22934007C5146 /* Nodes.swift in Sources */ = {isa = PBXBuildFile; fileRef = 8FCAEC071EB22934007C5146 /* Nodes.swift */; };
		8FCAEC0A1EB23808007C5146 /* Parser.swift in Sources */ = {isa = PBXBuildFile; fileRef = 8FCAEC091EB23808007C5146 /* Parser.swift */; };
		8FE42CBD1EB9EDB500A9DB06 /* EitherNode.swift in Sources */ = {isa = PBXBuildFile; fileRef = 8FE42CBC1EB9EDB500A9DB06 /* EitherNode.swift */; };
		8FE72B961EB0C13A00C82976 /* Tokens.swift in Sources */ = {isa = PBXBuildFile; fileRef = 8FE72B951EB0C13A00C82976 /* Tokens.swift */; };
		8FE72B981EB0C1DF00C82976 /* Tokenizer.swift in Sources */ = {isa = PBXBuildFile; fileRef = 8FE72B971EB0C1DF00C82976 /* Tokenizer.swift */; };
		8FE72B9A1EB0C38600C82976 /* ConsoleIO.swift in Sources */ = {isa = PBXBuildFile; fileRef = 8FE72B991EB0C38600C82976 /* ConsoleIO.swift */; };
/* End PBXBuildFile section */

/* Begin PBXCopyFilesBuildPhase section */
		8F7035C71EAA2DD900B74296 /* CopyFiles */ = {
			isa = PBXCopyFilesBuildPhase;
			buildActionMask = 2147483647;
			dstPath = /usr/share/man/man1/;
			dstSubfolderSpec = 0;
			files = (
			);
			runOnlyForDeploymentPostprocessing = 1;
		};
/* End PBXCopyFilesBuildPhase section */

/* Begin PBXFileReference section */
		8F7035C91EAA2DD900B74296 /* ComputorV2 */ = {isa = PBXFileReference; explicitFileType = "compiled.mach-o.executable"; includeInIndex = 0; path = ComputorV2; sourceTree = BUILT_PRODUCTS_DIR; };
		8F7035CC1EAA2DD900B74296 /* main.swift */ = {isa = PBXFileReference; lastKnownFileType = sourcecode.swift; path = main.swift; sourceTree = "<group>"; };
		8FCAEC071EB22934007C5146 /* Nodes.swift */ = {isa = PBXFileReference; fileEncoding = 4; lastKnownFileType = sourcecode.swift; path = Nodes.swift; sourceTree = "<group>"; };
		8FCAEC091EB23808007C5146 /* Parser.swift */ = {isa = PBXFileReference; fileEncoding = 4; lastKnownFileType = sourcecode.swift; path = Parser.swift; sourceTree = "<group>"; };
		8FE42CBC1EB9EDB500A9DB06 /* EitherNode.swift */ = {isa = PBXFileReference; fileEncoding = 4; lastKnownFileType = sourcecode.swift; path = EitherNode.swift; sourceTree = "<group>"; };
		8FE72B951EB0C13A00C82976 /* Tokens.swift */ = {isa = PBXFileReference; fileEncoding = 4; lastKnownFileType = sourcecode.swift; path = Tokens.swift; sourceTree = "<group>"; };
		8FE72B971EB0C1DF00C82976 /* Tokenizer.swift */ = {isa = PBXFileReference; fileEncoding = 4; lastKnownFileType = sourcecode.swift; path = Tokenizer.swift; sourceTree = "<group>"; };
		8FE72B991EB0C38600C82976 /* ConsoleIO.swift */ = {isa = PBXFileReference; fileEncoding = 4; lastKnownFileType = sourcecode.swift; path = ConsoleIO.swift; sourceTree = "<group>"; };
/* End PBXFileReference section */

/* Begin PBXFrameworksBuildPhase section */
		8F7035C61EAA2DD900B74296 /* Frameworks */ = {
			isa = PBXFrameworksBuildPhase;
			buildActionMask = 2147483647;
			files = (
			);
			runOnlyForDeploymentPostprocessing = 0;
		};
/* End PBXFrameworksBuildPhase section */

/* Begin PBXGroup section */
		8F7035C01EAA2DD900B74296 = {
			isa = PBXGroup;
			children = (
				8F7035CB1EAA2DD900B74296 /* ComputorV2 */,
				8F7035CA1EAA2DD900B74296 /* Products */,
			);
			sourceTree = "<group>";
		};
		8F7035CA1EAA2DD900B74296 /* Products */ = {
			isa = PBXGroup;
			children = (
				8F7035C91EAA2DD900B74296 /* ComputorV2 */,
			);
			name = Products;
			sourceTree = "<group>";
		};
		8F7035CB1EAA2DD900B74296 /* ComputorV2 */ = {
			isa = PBXGroup;
			children = (
				8F7035CC1EAA2DD900B74296 /* main.swift */,
				8FE72B951EB0C13A00C82976 /* Tokens.swift */,
				8FE72B991EB0C38600C82976 /* ConsoleIO.swift */,
				8FE72B971EB0C1DF00C82976 /* Tokenizer.swift */,
				8FCAEC071EB22934007C5146 /* Nodes.swift */,
				8FCAEC091EB23808007C5146 /* Parser.swift */,
				8FE42CBC1EB9EDB500A9DB06 /* EitherNode.swift */,
			);
			path = ComputorV2;
			sourceTree = "<group>";
		};
/* End PBXGroup section */

/* Begin PBXNativeTarget section */
		8F7035C81EAA2DD900B74296 /* ComputorV2 */ = {
			isa = PBXNativeTarget;
			buildConfigurationList = 8F7035D01EAA2DD900B74296 /* Build configuration list for PBXNativeTarget "ComputorV2" */;
			buildPhases = (
				8F7035C51EAA2DD900B74296 /* Sources */,
				8F7035C61EAA2DD900B74296 /* Frameworks */,
				8F7035C71EAA2DD900B74296 /* CopyFiles */,
			);
			buildRules = (
			);
			dependencies = (
			);
			name = ComputorV2;
			productName = ComputorV2;
			productReference = 8F7035C91EAA2DD900B74296 /* ComputorV2 */;
			productType = "com.apple.product-type.tool";
		};
/* End PBXNativeTarget section */

/* Begin PBXProject section */
		8F7035C11EAA2DD900B74296 /* Project object */ = {
			isa = PBXProject;
			attributes = {
				LastSwiftUpdateCheck = 0820;
				LastUpgradeCheck = 0820;
				ORGANIZATIONNAME = "Celine DANNAPPE";
				TargetAttributes = {
					8F7035C81EAA2DD900B74296 = {
						CreatedOnToolsVersion = 8.2.1;
						ProvisioningStyle = Automatic;
					};
				};
			};
			buildConfigurationList = 8F7035C41EAA2DD900B74296 /* Build configuration list for PBXProject "ComputorV2" */;
			compatibilityVersion = "Xcode 3.2";
			developmentRegion = English;
			hasScannedForEncodings = 0;
			knownRegions = (
				en,
			);
			mainGroup = 8F7035C01EAA2DD900B74296;
			productRefGroup = 8F7035CA1EAA2DD900B74296 /* Products */;
			projectDirPath = "";
			projectRoot = "";
			targets = (
				8F7035C81EAA2DD900B74296 /* ComputorV2 */,
			);
		};
/* End PBXProject section */

/* Begin PBXSourcesBuildPhase section */
		8F7035C51EAA2DD900B74296 /* Sources */ = {
			isa = PBXSourcesBuildPhase;
			buildActionMask = 2147483647;
			files = (
				8FCAEC081EB22934007C5146 /* Nodes.swift in Sources */,
				8F7035CD1EAA2DD900B74296 /* main.swift in Sources */,
				8FCAEC0A1EB23808007C5146 /* Parser.swift in Sources */,
				8FE72B9A1EB0C38600C82976 /* ConsoleIO.swift in Sources */,
				8FE42CBD1EB9EDB500A9DB06 /* EitherNode.swift in Sources */,
				8FE72B981EB0C1DF00C82976 /* Tokenizer.swift in Sources */,
				8FE72B961EB0C13A00C82976 /* Tokens.swift in Sources */,
			);
			runOnlyForDeploymentPostprocessing = 0;
		};
/* End PBXSourcesBuildPhase section */

/* Begin XCBuildConfiguration section */
		8F7035CE1EAA2DD900B74296 /* Debug */ = {
			isa = XCBuildConfiguration;
			buildSettings = {
				ALWAYS_SEARCH_USER_PATHS = NO;
				CLANG_ANALYZER_NONNULL = YES;
				CLANG_CXX_LANGUAGE_STANDARD = "gnu++0x";
				CLANG_CXX_LIBRARY = "libc++";
				CLANG_ENABLE_MODULES = YES;
				CLANG_ENABLE_OBJC_ARC = YES;
				CLANG_WARN_BOOL_CONVERSION = YES;
				CLANG_WARN_CONSTANT_CONVERSION = YES;
				CLANG_WARN_DIRECT_OBJC_ISA_USAGE = YES_ERROR;
				CLANG_WARN_DOCUMENTATION_COMMENTS = YES;
				CLANG_WARN_EMPTY_BODY = YES;
				CLANG_WARN_ENUM_CONVERSION = YES;
				CLANG_WARN_INFINITE_RECURSION = YES;
				CLANG_WARN_INT_CONVERSION = YES;
				CLANG_WARN_OBJC_ROOT_CLASS = YES_ERROR;
				CLANG_WARN_SUSPICIOUS_MOVE = YES;
				CLANG_WARN_UNREACHABLE_CODE = YES;
				CLANG_WARN__DUPLICATE_METHOD_MATCH = YES;
				CODE_SIGN_IDENTITY = "-";
				COPY_PHASE_STRIP = NO;
				DEBUG_INFORMATION_FORMAT = dwarf;
				ENABLE_STRICT_OBJC_MSGSEND = YES;
				ENABLE_TESTABILITY = YES;
				GCC_C_LANGUAGE_STANDARD = gnu99;
				GCC_DYNAMIC_NO_PIC = NO;
				GCC_NO_COMMON_BLOCKS = YES;
				GCC_OPTIMIZATION_LEVEL = 0;
				GCC_PREPROCESSOR_DEFINITIONS = (
					"DEBUG=1",
					"$(inherited)",
				);
				GCC_WARN_64_TO_32_BIT_CONVERSION = YES;
				GCC_WARN_ABOUT_RETURN_TYPE = YES_ERROR;
				GCC_WARN_UNDECLARED_SELECTOR = YES;
				GCC_WARN_UNINITIALIZED_AUTOS = YES_AGGRESSIVE;
				GCC_WARN_UNUSED_FUNCTION = YES;
				GCC_WARN_UNUSED_VARIABLE = YES;
				MACOSX_DEPLOYMENT_TARGET = 10.12;
				MTL_ENABLE_DEBUG_INFO = YES;
				ONLY_ACTIVE_ARCH = YES;
				SDKROOT = macosx;
				SWIFT_OPTIMIZATION_LEVEL = "-Onone";
			};
			name = Debug;
		};
		8F7035CF1EAA2DD900B74296 /* Release */ = {
			isa = XCBuildConfiguration;
			buildSettings = {
				ALWAYS_SEARCH_USER_PATHS = NO;
				CLANG_ANALYZER_NONNULL = YES;
				CLANG_CXX_LANGUAGE_STANDARD = "gnu++0x";
				CLANG_CXX_LIBRARY = "libc++";
				CLANG_ENABLE_MODULES = YES;
				CLANG_ENABLE_OBJC_ARC = YES;
				CLANG_WARN_BOOL_CONVERSION = YES;
				CLANG_WARN_CONSTANT_CONVERSION = YES;
				CLANG_WARN_DIRECT_OBJC_ISA_USAGE = YES_ERROR;
				CLANG_WARN_DOCUMENTATION_COMMENTS = YES;
				CLANG_WARN_EMPTY_BODY = YES;
				CLANG_WARN_ENUM_CONVERSION = YES;
				CLANG_WARN_INFINITE_RECURSION = YES;
				CLANG_WARN_INT_CONVERSION = YES;
				CLANG_WARN_OBJC_ROOT_CLASS = YES_ERROR;
				CLANG_WARN_SUSPICIOUS_MOVE = YES;
				CLANG_WARN_UNREACHABLE_CODE = YES;
				CLANG_WARN__DUPLICATE_METHOD_MATCH = YES;
				CODE_SIGN_IDENTITY = "-";
				COPY_PHASE_STRIP = NO;
				DEBUG_INFORMATION_FORMAT = "dwarf-with-dsym";
				ENABLE_NS_ASSERTIONS = NO;
				ENABLE_STRICT_OBJC_MSGSEND = YES;
				GCC_C_LANGUAGE_STANDARD = gnu99;
				GCC_NO_COMMON_BLOCKS = YES;
				GCC_WARN_64_TO_32_BIT_CONVERSION = YES;
				GCC_WARN_ABOUT_RETURN_TYPE = YES_ERROR;
				GCC_WARN_UNDECLARED_SELECTOR = YES;
				GCC_WARN_UNINITIALIZED_AUTOS = YES_AGGRESSIVE;
				GCC_WARN_UNUSED_FUNCTION = YES;
				GCC_WARN_UNUSED_VARIABLE = YES;
				MACOSX_DEPLOYMENT_TARGET = 10.12;
				MTL_ENABLE_DEBUG_INFO = NO;
				SDKROOT = macosx;
			};
			name = Release;
		};
		8F7035D11EAA2DD900B74296 /* Debug */ = {
			isa = XCBuildConfiguration;
			buildSettings = {
				PRODUCT_NAME = "$(TARGET_NAME)";
				SWIFT_VERSION = 3.0;
			};
			name = Debug;
		};
		8F7035D21EAA2DD900B74296 /* Release */ = {
			isa = XCBuildConfiguration;
			buildSettings = {
				PRODUCT_NAME = "$(TARGET_NAME)";
				SWIFT_VERSION = 3.0;
			};
			name = Release;
		};
/* End XCBuildConfiguration section */

/* Begin XCConfigurationList section */
		8F7035C41EAA2DD900B74296 /* Build configuration list for PBXProject "ComputorV2" */ = {
			isa = XCConfigurationList;
			buildConfigurations = (
				8F7035CE1EAA2DD900B74296 /* Debug */,
				8F7035CF1EAA2DD900B74296 /* Release */,
			);
			defaultConfigurationIsVisible = 0;
			defaultConfigurationName = Release;
		};
		8F7035D01EAA2DD900B74296 /* Build configuration list for PBXNativeTarget "ComputorV2" */ = {
			isa = XCConfigurationList;
			buildConfigurations = (
				8F7035D11EAA2DD900B74296 /* Debug */,
				8F7035D21EAA2DD900B74296 /* Release */,
			);
			defaultConfigurationIsVisible = 0;
			defaultConfigurationName = Release;
		};
/* End XCConfigurationList section */
	};
	rootObject = 8F7035C11EAA2DD900B74296 /* Project object */;
}
